
Microsoft Visual Studio Solution File, Format Version 12.00
# Visual Studio Version 17
VisualStudioVersion = 17.1.32414.318
MinimumVisualStudioVersion = 10.0.40219.1
Project("{FAE04EC0-301F-11D3-BF4B-00C04F79EFBC}") = "MyFirstWebApi", "MyFirstWebApi\MyFirstWebApi.csproj", "{5BDE7AAA-40B6-4F4C-BDFE-AEBE99F2BA90}"
EndProject
Global
	GlobalSection(SolutionConfigurationPlatforms) = preSolution
		Debug|Any CPU = Debug|Any CPU
		Release|Any CPU = Release|Any CPU
	EndGlobalSection
	GlobalSection(ProjectConfigurationPlatforms) = postSolution
		{5BDE7AAA-40B6-4F4C-BDFE-AEBE99F2BA90}.Debug|Any CPU.ActiveCfg = Debug|Any CPU
		{5BDE7AAA-40B6-4F4C-BDFE-AEBE99F2BA90}.Debug|Any CPU.Build.0 = Debug|Any CPU
		{5BDE7AAA-40B6-4F4C-BDFE-AEBE99F2BA90}.Release|Any CPU.ActiveCfg = Release|Any CPU
		{5BDE7AAA-40B6-4F4C-BDFE-AEBE99F2BA90}.Release|Any CPU.Build.0 = Release|Any CPU
	EndGlobalSection
	GlobalSection(SolutionProperties) = preSolution
		HideSolutionNode = FALSE
	EndGlobalSection
	GlobalSection(ExtensibilityGlobals) = postSolution
		SolutionGuid = {DB692DBD-5016-40D5-9259-42CA79F68C73}
	EndGlobalSection
EndGlobal
